// !$*UTF8*$!
{
	archiveVersion = 1;
	classes = {
	};
	objectVersion = 56;
	objects = {

/* Begin PBXBuildFile section */
		AD043DB92A0BD91200BF1BD8 /* ToDoList_SwiftUIApp.swift in Sources */ = {isa = PBXBuildFile; fileRef = AD043DB82A0BD91200BF1BD8 /* ToDoList_SwiftUIApp.swift */; };
		AD043DBB2A0BD91200BF1BD8 /* MainView.swift in Sources */ = {isa = PBXBuildFile; fileRef = AD043DBA2A0BD91200BF1BD8 /* MainView.swift */; };
		AD043DBD2A0BD91200BF1BD8 /* Assets.xcassets in Resources */ = {isa = PBXBuildFile; fileRef = AD043DBC2A0BD91200BF1BD8 /* Assets.xcassets */; };
		AD043DC02A0BD91200BF1BD8 /* Preview Assets.xcassets in Resources */ = {isa = PBXBuildFile; fileRef = AD043DBF2A0BD91200BF1BD8 /* Preview Assets.xcassets */; };
		AD043DC82A0BE8EA00BF1BD8 /* FirebaseAuth in Frameworks */ = {isa = PBXBuildFile; productRef = AD043DC72A0BE8EA00BF1BD8 /* FirebaseAuth */; };
		AD043DCA2A0BE8EA00BF1BD8 /* FirebaseFirestore in Frameworks */ = {isa = PBXBuildFile; productRef = AD043DC92A0BE8EA00BF1BD8 /* FirebaseFirestore */; };
		AD043DCC2A0BE8EA00BF1BD8 /* FirebaseFirestoreSwift in Frameworks */ = {isa = PBXBuildFile; productRef = AD043DCB2A0BE8EA00BF1BD8 /* FirebaseFirestoreSwift */; };
		AD043DCE2A0BE9DF00BF1BD8 /* GoogleService-Info.plist in Resources */ = {isa = PBXBuildFile; fileRef = AD043DCD2A0BE9DF00BF1BD8 /* GoogleService-Info.plist */; };
		AD043DD42A0BECDC00BF1BD8 /* ProfileView.swift in Sources */ = {isa = PBXBuildFile; fileRef = AD043DD32A0BECDC00BF1BD8 /* ProfileView.swift */; };
		AD043DD62A0BED0A00BF1BD8 /* ToDoListView.swift in Sources */ = {isa = PBXBuildFile; fileRef = AD043DD52A0BED0A00BF1BD8 /* ToDoListView.swift */; };
		AD043DD82A0BED2700BF1BD8 /* NewItemView.swift in Sources */ = {isa = PBXBuildFile; fileRef = AD043DD72A0BED2700BF1BD8 /* NewItemView.swift */; };
		AD043DDA2A0BED3300BF1BD8 /* LoginView.swift in Sources */ = {isa = PBXBuildFile; fileRef = AD043DD92A0BED3300BF1BD8 /* LoginView.swift */; };
		AD043DDC2A0BED5000BF1BD8 /* RegisterView.swift in Sources */ = {isa = PBXBuildFile; fileRef = AD043DDB2A0BED5000BF1BD8 /* RegisterView.swift */; };
		AD043DDE2A0BF38100BF1BD8 /* ToDoListItemView.swift in Sources */ = {isa = PBXBuildFile; fileRef = AD043DDD2A0BF38100BF1BD8 /* ToDoListItemView.swift */; };
		AD043DE02A0BF3C500BF1BD8 /* User.swift in Sources */ = {isa = PBXBuildFile; fileRef = AD043DDF2A0BF3C500BF1BD8 /* User.swift */; };
		AD043DE22A0BF3EA00BF1BD8 /* ToDoListItem.swift in Sources */ = {isa = PBXBuildFile; fileRef = AD043DE12A0BF3EA00BF1BD8 /* ToDoListItem.swift */; };
		AD043DE42A0BF44100BF1BD8 /* MainVM.swift in Sources */ = {isa = PBXBuildFile; fileRef = AD043DE32A0BF44100BF1BD8 /* MainVM.swift */; };
		AD043DE62A0BF45500BF1BD8 /* ProfileVM .swift in Sources */ = {isa = PBXBuildFile; fileRef = AD043DE52A0BF45500BF1BD8 /* ProfileVM .swift */; };
		AD043DE82A0BF47600BF1BD8 /* ToDoListVM.swift in Sources */ = {isa = PBXBuildFile; fileRef = AD043DE72A0BF47600BF1BD8 /* ToDoListVM.swift */; };
		AD043DEA2A0BF48100BF1BD8 /* NewItemVM.swift in Sources */ = {isa = PBXBuildFile; fileRef = AD043DE92A0BF48100BF1BD8 /* NewItemVM.swift */; };
		AD043DEC2A0BF48A00BF1BD8 /* LoginVM.swift in Sources */ = {isa = PBXBuildFile; fileRef = AD043DEB2A0BF48A00BF1BD8 /* LoginVM.swift */; };
		AD043DEE2A0BF49600BF1BD8 /* RegisterVM.swift in Sources */ = {isa = PBXBuildFile; fileRef = AD043DED2A0BF49600BF1BD8 /* RegisterVM.swift */; };
		AD043DF02A0BF4A900BF1BD8 /* ToDoListItemVM.swift in Sources */ = {isa = PBXBuildFile; fileRef = AD043DEF2A0BF4A900BF1BD8 /* ToDoListItemVM.swift */; };
		AD043DF22A0C168700BF1BD8 /* HeaderView.swift in Sources */ = {isa = PBXBuildFile; fileRef = AD043DF12A0C168700BF1BD8 /* HeaderView.swift */; };
		ADC69DF32A0CBACC00932FCA /* Extensions.swift in Sources */ = {isa = PBXBuildFile; fileRef = ADC69DF22A0CBACC00932FCA /* Extensions.swift */; };
		ADEE08DE2A0CAB3D0088BBCD /* TLButton.swift in Sources */ = {isa = PBXBuildFile; fileRef = ADEE08DD2A0CAB3D0088BBCD /* TLButton.swift */; };
/* End PBXBuildFile section */

/* Begin PBXFileReference section */
		AD043DB52A0BD91200BF1BD8 /* ToDoList_SwiftUI.app */ = {isa = PBXFileReference; explicitFileType = wrapper.application; includeInIndex = 0; path = ToDoList_SwiftUI.app; sourceTree = BUILT_PRODUCTS_DIR; };
		AD043DB82A0BD91200BF1BD8 /* ToDoList_SwiftUIApp.swift */ = {isa = PBXFileReference; lastKnownFileType = sourcecode.swift; path = ToDoList_SwiftUIApp.swift; sourceTree = "<group>"; };
		AD043DBA2A0BD91200BF1BD8 /* MainView.swift */ = {isa = PBXFileReference; lastKnownFileType = sourcecode.swift; path = MainView.swift; sourceTree = "<group>"; };
		AD043DBC2A0BD91200BF1BD8 /* Assets.xcassets */ = {isa = PBXFileReference; lastKnownFileType = folder.assetcatalog; path = Assets.xcassets; sourceTree = "<group>"; };
		AD043DBF2A0BD91200BF1BD8 /* Preview Assets.xcassets */ = {isa = PBXFileReference; lastKnownFileType = folder.assetcatalog; path = "Preview Assets.xcassets"; sourceTree = "<group>"; };
		AD043DCD2A0BE9DF00BF1BD8 /* GoogleService-Info.plist */ = {isa = PBXFileReference; fileEncoding = 4; lastKnownFileType = text.plist.xml; path = "GoogleService-Info.plist"; sourceTree = "<group>"; };
		AD043DD32A0BECDC00BF1BD8 /* ProfileView.swift */ = {isa = PBXFileReference; lastKnownFileType = sourcecode.swift; path = ProfileView.swift; sourceTree = "<group>"; };
		AD043DD52A0BED0A00BF1BD8 /* ToDoListView.swift */ = {isa = PBXFileReference; lastKnownFileType = sourcecode.swift; path = ToDoListView.swift; sourceTree = "<group>"; };
		AD043DD72A0BED2700BF1BD8 /* NewItemView.swift */ = {isa = PBXFileReference; lastKnownFileType = sourcecode.swift; path = NewItemView.swift; sourceTree = "<group>"; };
		AD043DD92A0BED3300BF1BD8 /* LoginView.swift */ = {isa = PBXFileReference; lastKnownFileType = sourcecode.swift; path = LoginView.swift; sourceTree = "<group>"; };
		AD043DDB2A0BED5000BF1BD8 /* RegisterView.swift */ = {isa = PBXFileReference; lastKnownFileType = sourcecode.swift; path = RegisterView.swift; sourceTree = "<group>"; };
		AD043DDD2A0BF38100BF1BD8 /* ToDoListItemView.swift */ = {isa = PBXFileReference; lastKnownFileType = sourcecode.swift; path = ToDoListItemView.swift; sourceTree = "<group>"; };
		AD043DDF2A0BF3C500BF1BD8 /* User.swift */ = {isa = PBXFileReference; lastKnownFileType = sourcecode.swift; path = User.swift; sourceTree = "<group>"; };
		AD043DE12A0BF3EA00BF1BD8 /* ToDoListItem.swift */ = {isa = PBXFileReference; lastKnownFileType = sourcecode.swift; path = ToDoListItem.swift; sourceTree = "<group>"; };
		AD043DE32A0BF44100BF1BD8 /* MainVM.swift */ = {isa = PBXFileReference; lastKnownFileType = sourcecode.swift; path = MainVM.swift; sourceTree = "<group>"; };
		AD043DE52A0BF45500BF1BD8 /* ProfileVM .swift */ = {isa = PBXFileReference; lastKnownFileType = sourcecode.swift; path = "ProfileVM .swift"; sourceTree = "<group>"; };
		AD043DE72A0BF47600BF1BD8 /* ToDoListVM.swift */ = {isa = PBXFileReference; lastKnownFileType = sourcecode.swift; path = ToDoListVM.swift; sourceTree = "<group>"; };
		AD043DE92A0BF48100BF1BD8 /* NewItemVM.swift */ = {isa = PBXFileReference; lastKnownFileType = sourcecode.swift; path = NewItemVM.swift; sourceTree = "<group>"; };
		AD043DEB2A0BF48A00BF1BD8 /* LoginVM.swift */ = {isa = PBXFileReference; lastKnownFileType = sourcecode.swift; path = LoginVM.swift; sourceTree = "<group>"; };
		AD043DED2A0BF49600BF1BD8 /* RegisterVM.swift */ = {isa = PBXFileReference; lastKnownFileType = sourcecode.swift; path = RegisterVM.swift; sourceTree = "<group>"; };
		AD043DEF2A0BF4A900BF1BD8 /* ToDoListItemVM.swift */ = {isa = PBXFileReference; lastKnownFileType = sourcecode.swift; path = ToDoListItemVM.swift; sourceTree = "<group>"; };
		AD043DF12A0C168700BF1BD8 /* HeaderView.swift */ = {isa = PBXFileReference; lastKnownFileType = sourcecode.swift; path = HeaderView.swift; sourceTree = "<group>"; };
		ADC69DF22A0CBACC00932FCA /* Extensions.swift */ = {isa = PBXFileReference; lastKnownFileType = sourcecode.swift; path = Extensions.swift; sourceTree = "<group>"; };
		ADEE08DD2A0CAB3D0088BBCD /* TLButton.swift */ = {isa = PBXFileReference; lastKnownFileType = sourcecode.swift; path = TLButton.swift; sourceTree = "<group>"; };
/* End PBXFileReference section */

/* Begin PBXFrameworksBuildPhase section */
		AD043DB22A0BD91200BF1BD8 /* Frameworks */ = {
			isa = PBXFrameworksBuildPhase;
			buildActionMask = 2147483647;
			files = (
				AD043DC82A0BE8EA00BF1BD8 /* FirebaseAuth in Frameworks */,
				AD043DCA2A0BE8EA00BF1BD8 /* FirebaseFirestore in Frameworks */,
				AD043DCC2A0BE8EA00BF1BD8 /* FirebaseFirestoreSwift in Frameworks */,
			);
			runOnlyForDeploymentPostprocessing = 0;
		};
/* End PBXFrameworksBuildPhase section */

/* Begin PBXGroup section */
		AD043DAC2A0BD91200BF1BD8 = {
			isa = PBXGroup;
			children = (
				AD043DB72A0BD91200BF1BD8 /* ToDoList_SwiftUI */,
				AD043DB62A0BD91200BF1BD8 /* Products */,
			);
			sourceTree = "<group>";
		};
		AD043DB62A0BD91200BF1BD8 /* Products */ = {
			isa = PBXGroup;
			children = (
				AD043DB52A0BD91200BF1BD8 /* ToDoList_SwiftUI.app */,
			);
			name = Products;
			sourceTree = "<group>";
		};
		AD043DB72A0BD91200BF1BD8 /* ToDoList_SwiftUI */ = {
			isa = PBXGroup;
			children = (
				AD043DD22A0BEBE200BF1BD8 /* Other */,
				AD043DD12A0BEBBA00BF1BD8 /* Models */,
				AD043DD02A0BEBB200BF1BD8 /* ViewModels */,
				AD043DCF2A0BEBA100BF1BD8 /* Views */,
				AD043DBE2A0BD91200BF1BD8 /* Preview Content */,
			);
			path = ToDoList_SwiftUI;
			sourceTree = "<group>";
		};
		AD043DBE2A0BD91200BF1BD8 /* Preview Content */ = {
			isa = PBXGroup;
			children = (
				AD043DBF2A0BD91200BF1BD8 /* Preview Assets.xcassets */,
			);
			path = "Preview Content";
			sourceTree = "<group>";
		};
		AD043DCF2A0BEBA100BF1BD8 /* Views */ = {
			isa = PBXGroup;
			children = (
				AD043DBA2A0BD91200BF1BD8 /* MainView.swift */,
				AD043DD32A0BECDC00BF1BD8 /* ProfileView.swift */,
				AD043DD52A0BED0A00BF1BD8 /* ToDoListView.swift */,
				AD043DDD2A0BF38100BF1BD8 /* ToDoListItemView.swift */,
				AD043DD72A0BED2700BF1BD8 /* NewItemView.swift */,
				AD043DD92A0BED3300BF1BD8 /* LoginView.swift */,
				AD043DDB2A0BED5000BF1BD8 /* RegisterView.swift */,
				AD043DF12A0C168700BF1BD8 /* HeaderView.swift */,
				ADEE08DD2A0CAB3D0088BBCD /* TLButton.swift */,
			);
			path = Views;
			sourceTree = "<group>";
		};
		AD043DD02A0BEBB200BF1BD8 /* ViewModels */ = {
			isa = PBXGroup;
			children = (
				AD043DE32A0BF44100BF1BD8 /* MainVM.swift */,
				AD043DE52A0BF45500BF1BD8 /* ProfileVM .swift */,
				AD043DE72A0BF47600BF1BD8 /* ToDoListVM.swift */,
				AD043DEF2A0BF4A900BF1BD8 /* ToDoListItemVM.swift */,
				AD043DE92A0BF48100BF1BD8 /* NewItemVM.swift */,
				AD043DEB2A0BF48A00BF1BD8 /* LoginVM.swift */,
				AD043DED2A0BF49600BF1BD8 /* RegisterVM.swift */,
			);
			path = ViewModels;
			sourceTree = "<group>";
		};
		AD043DD12A0BEBBA00BF1BD8 /* Models */ = {
			isa = PBXGroup;
			children = (
				AD043DDF2A0BF3C500BF1BD8 /* User.swift */,
				AD043DE12A0BF3EA00BF1BD8 /* ToDoListItem.swift */,
			);
			path = Models;
			sourceTree = "<group>";
		};
		AD043DD22A0BEBE200BF1BD8 /* Other */ = {
			isa = PBXGroup;
			children = (
				AD043DBC2A0BD91200BF1BD8 /* Assets.xcassets */,
				AD043DCD2A0BE9DF00BF1BD8 /* GoogleService-Info.plist */,
				AD043DB82A0BD91200BF1BD8 /* ToDoList_SwiftUIApp.swift */,
				ADC69DF22A0CBACC00932FCA /* Extensions.swift */,
			);
			path = Other;
			sourceTree = "<group>";
		};
/* End PBXGroup section */

/* Begin PBXNativeTarget section */
		AD043DB42A0BD91200BF1BD8 /* ToDoList_SwiftUI */ = {
			isa = PBXNativeTarget;
			buildConfigurationList = AD043DC32A0BD91200BF1BD8 /* Build configuration list for PBXNativeTarget "ToDoList_SwiftUI" */;
			buildPhases = (
				AD043DB12A0BD91200BF1BD8 /* Sources */,
				AD043DB22A0BD91200BF1BD8 /* Frameworks */,
				AD043DB32A0BD91200BF1BD8 /* Resources */,
			);
			buildRules = (
			);
			dependencies = (
			);
			name = ToDoList_SwiftUI;
			packageProductDependencies = (
				AD043DC72A0BE8EA00BF1BD8 /* FirebaseAuth */,
				AD043DC92A0BE8EA00BF1BD8 /* FirebaseFirestore */,
				AD043DCB2A0BE8EA00BF1BD8 /* FirebaseFirestoreSwift */,
			);
			productName = ToDoList_SwiftUI;
			productReference = AD043DB52A0BD91200BF1BD8 /* ToDoList_SwiftUI.app */;
			productType = "com.apple.product-type.application";
		};
/* End PBXNativeTarget section */

/* Begin PBXProject section */
		AD043DAD2A0BD91200BF1BD8 /* Project object */ = {
			isa = PBXProject;
			attributes = {
				BuildIndependentTargetsInParallel = 1;
				LastSwiftUpdateCheck = 1420;
				LastUpgradeCheck = 1420;
				TargetAttributes = {
					AD043DB42A0BD91200BF1BD8 = {
						CreatedOnToolsVersion = 14.2;
					};
				};
			};
			buildConfigurationList = AD043DB02A0BD91200BF1BD8 /* Build configuration list for PBXProject "ToDoList_SwiftUI" */;
			compatibilityVersion = "Xcode 14.0";
			developmentRegion = en;
			hasScannedForEncodings = 0;
			knownRegions = (
				en,
				Base,
			);
			mainGroup = AD043DAC2A0BD91200BF1BD8;
			packageReferences = (
				AD043DC62A0BE8EA00BF1BD8 /* XCRemoteSwiftPackageReference "firebase-ios-sdk" */,
			);
			productRefGroup = AD043DB62A0BD91200BF1BD8 /* Products */;
			projectDirPath = "";
			projectRoot = "";
			targets = (
				AD043DB42A0BD91200BF1BD8 /* ToDoList_SwiftUI */,
			);
		};
/* End PBXProject section */

/* Begin PBXResourcesBuildPhase section */
		AD043DB32A0BD91200BF1BD8 /* Resources */ = {
			isa = PBXResourcesBuildPhase;
			buildActionMask = 2147483647;
			files = (
				AD043DC02A0BD91200BF1BD8 /* Preview Assets.xcassets in Resources */,
				AD043DCE2A0BE9DF00BF1BD8 /* GoogleService-Info.plist in Resources */,
				AD043DBD2A0BD91200BF1BD8 /* Assets.xcassets in Resources */,
			);
			runOnlyForDeploymentPostprocessing = 0;
		};
/* End PBXResourcesBuildPhase section */

/* Begin PBXSourcesBuildPhase section */
		AD043DB12A0BD91200BF1BD8 /* Sources */ = {
			isa = PBXSourcesBuildPhase;
			buildActionMask = 2147483647;
			files = (
				AD043DE62A0BF45500BF1BD8 /* ProfileVM .swift in Sources */,
				AD043DF22A0C168700BF1BD8 /* HeaderView.swift in Sources */,
				AD043DBB2A0BD91200BF1BD8 /* MainView.swift in Sources */,
				AD043DEA2A0BF48100BF1BD8 /* NewItemVM.swift in Sources */,
				AD043DEE2A0BF49600BF1BD8 /* RegisterVM.swift in Sources */,
				AD043DD62A0BED0A00BF1BD8 /* ToDoListView.swift in Sources */,
				AD043DDA2A0BED3300BF1BD8 /* LoginView.swift in Sources */,
				ADEE08DE2A0CAB3D0088BBCD /* TLButton.swift in Sources */,
				AD043DE42A0BF44100BF1BD8 /* MainVM.swift in Sources */,
				AD043DDC2A0BED5000BF1BD8 /* RegisterView.swift in Sources */,
				AD043DD42A0BECDC00BF1BD8 /* ProfileView.swift in Sources */,
				AD043DE02A0BF3C500BF1BD8 /* User.swift in Sources */,
				AD043DDE2A0BF38100BF1BD8 /* ToDoListItemView.swift in Sources */,
				AD043DB92A0BD91200BF1BD8 /* ToDoList_SwiftUIApp.swift in Sources */,
				AD043DF02A0BF4A900BF1BD8 /* ToDoListItemVM.swift in Sources */,
				ADC69DF32A0CBACC00932FCA /* Extensions.swift in Sources */,
				AD043DE22A0BF3EA00BF1BD8 /* ToDoListItem.swift in Sources */,
				AD043DD82A0BED2700BF1BD8 /* NewItemView.swift in Sources */,
				AD043DE82A0BF47600BF1BD8 /* ToDoListVM.swift in Sources */,
				AD043DEC2A0BF48A00BF1BD8 /* LoginVM.swift in Sources */,
			);
			runOnlyForDeploymentPostprocessing = 0;
		};
/* End PBXSourcesBuildPhase section */

/* Begin XCBuildConfiguration section */
		AD043DC12A0BD91200BF1BD8 /* Debug */ = {
			isa = XCBuildConfiguration;
			buildSettings = {
				ALWAYS_SEARCH_USER_PATHS = NO;
				CLANG_ANALYZER_NONNULL = YES;
				CLANG_ANALYZER_NUMBER_OBJECT_CONVERSION = YES_AGGRESSIVE;
				CLANG_CXX_LANGUAGE_STANDARD = "gnu++20";
				CLANG_ENABLE_MODULES = YES;
				CLANG_ENABLE_OBJC_ARC = YES;
				CLANG_ENABLE_OBJC_WEAK = YES;
				CLANG_WARN_BLOCK_CAPTURE_AUTORELEASING = YES;
				CLANG_WARN_BOOL_CONVERSION = YES;
				CLANG_WARN_COMMA = YES;
				CLANG_WARN_CONSTANT_CONVERSION = YES;
				CLANG_WARN_DEPRECATED_OBJC_IMPLEMENTATIONS = YES;
				CLANG_WARN_DIRECT_OBJC_ISA_USAGE = YES_ERROR;
				CLANG_WARN_DOCUMENTATION_COMMENTS = YES;
				CLANG_WARN_EMPTY_BODY = YES;
				CLANG_WARN_ENUM_CONVERSION = YES;
				CLANG_WARN_INFINITE_RECURSION = YES;
				CLANG_WARN_INT_CONVERSION = YES;
				CLANG_WARN_NON_LITERAL_NULL_CONVERSION = YES;
				CLANG_WARN_OBJC_IMPLICIT_RETAIN_SELF = YES;
				CLANG_WARN_OBJC_LITERAL_CONVERSION = YES;
				CLANG_WARN_OBJC_ROOT_CLASS = YES_ERROR;
				CLANG_WARN_QUOTED_INCLUDE_IN_FRAMEWORK_HEADER = YES;
				CLANG_WARN_RANGE_LOOP_ANALYSIS = YES;
				CLANG_WARN_STRICT_PROTOTYPES = YES;
				CLANG_WARN_SUSPICIOUS_MOVE = YES;
				CLANG_WARN_UNGUARDED_AVAILABILITY = YES_AGGRESSIVE;
				CLANG_WARN_UNREACHABLE_CODE = YES;
				CLANG_WARN__DUPLICATE_METHOD_MATCH = YES;
				COPY_PHASE_STRIP = NO;
				DEBUG_INFORMATION_FORMAT = dwarf;
				ENABLE_STRICT_OBJC_MSGSEND = YES;
				ENABLE_TESTABILITY = YES;
				GCC_C_LANGUAGE_STANDARD = gnu11;
				GCC_DYNAMIC_NO_PIC = NO;
				GCC_NO_COMMON_BLOCKS = YES;
				GCC_OPTIMIZATION_LEVEL = 0;
				GCC_PREPROCESSOR_DEFINITIONS = (
					"DEBUG=1",
					"$(inherited)",
				);
				GCC_WARN_64_TO_32_BIT_CONVERSION = YES;
				GCC_WARN_ABOUT_RETURN_TYPE = YES_ERROR;
				GCC_WARN_UNDECLARED_SELECTOR = YES;
				GCC_WARN_UNINITIALIZED_AUTOS = YES_AGGRESSIVE;
				GCC_WARN_UNUSED_FUNCTION = YES;
				GCC_WARN_UNUSED_VARIABLE = YES;
				IPHONEOS_DEPLOYMENT_TARGET = 16.2;
				MTL_ENABLE_DEBUG_INFO = INCLUDE_SOURCE;
				MTL_FAST_MATH = YES;
				ONLY_ACTIVE_ARCH = YES;
				SDKROOT = iphoneos;
				SWIFT_ACTIVE_COMPILATION_CONDITIONS = DEBUG;
				SWIFT_OPTIMIZATION_LEVEL = "-Onone";
			};
			name = Debug;
		};
		AD043DC22A0BD91200BF1BD8 /* Release */ = {
			isa = XCBuildConfiguration;
			buildSettings = {
				ALWAYS_SEARCH_USER_PATHS = NO;
				CLANG_ANALYZER_NONNULL = YES;
				CLANG_ANALYZER_NUMBER_OBJECT_CONVERSION = YES_AGGRESSIVE;
				CLANG_CXX_LANGUAGE_STANDARD = "gnu++20";
				CLANG_ENABLE_MODULES = YES;
				CLANG_ENABLE_OBJC_ARC = YES;
				CLANG_ENABLE_OBJC_WEAK = YES;
				CLANG_WARN_BLOCK_CAPTURE_AUTORELEASING = YES;
				CLANG_WARN_BOOL_CONVERSION = YES;
				CLANG_WARN_COMMA = YES;
				CLANG_WARN_CONSTANT_CONVERSION = YES;
				CLANG_WARN_DEPRECATED_OBJC_IMPLEMENTATIONS = YES;
				CLANG_WARN_DIRECT_OBJC_ISA_USAGE = YES_ERROR;
				CLANG_WARN_DOCUMENTATION_COMMENTS = YES;
				CLANG_WARN_EMPTY_BODY = YES;
				CLANG_WARN_ENUM_CONVERSION = YES;
				CLANG_WARN_INFINITE_RECURSION = YES;
				CLANG_WARN_INT_CONVERSION = YES;
				CLANG_WARN_NON_LITERAL_NULL_CONVERSION = YES;
				CLANG_WARN_OBJC_IMPLICIT_RETAIN_SELF = YES;
				CLANG_WARN_OBJC_LITERAL_CONVERSION = YES;
				CLANG_WARN_OBJC_ROOT_CLASS = YES_ERROR;
				CLANG_WARN_QUOTED_INCLUDE_IN_FRAMEWORK_HEADER = YES;
				CLANG_WARN_RANGE_LOOP_ANALYSIS = YES;
				CLANG_WARN_STRICT_PROTOTYPES = YES;
				CLANG_WARN_SUSPICIOUS_MOVE = YES;
				CLANG_WARN_UNGUARDED_AVAILABILITY = YES_AGGRESSIVE;
				CLANG_WARN_UNREACHABLE_CODE = YES;
				CLANG_WARN__DUPLICATE_METHOD_MATCH = YES;
				COPY_PHASE_STRIP = NO;
				DEBUG_INFORMATION_FORMAT = "dwarf-with-dsym";
				ENABLE_NS_ASSERTIONS = NO;
				ENABLE_STRICT_OBJC_MSGSEND = YES;
				GCC_C_LANGUAGE_STANDARD = gnu11;
				GCC_NO_COMMON_BLOCKS = YES;
				GCC_WARN_64_TO_32_BIT_CONVERSION = YES;
				GCC_WARN_ABOUT_RETURN_TYPE = YES_ERROR;
				GCC_WARN_UNDECLARED_SELECTOR = YES;
				GCC_WARN_UNINITIALIZED_AUTOS = YES_AGGRESSIVE;
				GCC_WARN_UNUSED_FUNCTION = YES;
				GCC_WARN_UNUSED_VARIABLE = YES;
				IPHONEOS_DEPLOYMENT_TARGET = 16.2;
				MTL_ENABLE_DEBUG_INFO = NO;
				MTL_FAST_MATH = YES;
				SDKROOT = iphoneos;
				SWIFT_COMPILATION_MODE = wholemodule;
				SWIFT_OPTIMIZATION_LEVEL = "-O";
				VALIDATE_PRODUCT = YES;
			};
			name = Release;
		};
		AD043DC42A0BD91200BF1BD8 /* Debug */ = {
			isa = XCBuildConfiguration;
			buildSettings = {
				ASSETCATALOG_COMPILER_APPICON_NAME = AppIcon;
				ASSETCATALOG_COMPILER_GLOBAL_ACCENT_COLOR_NAME = AccentColor;
				CODE_SIGN_STYLE = Automatic;
				CURRENT_PROJECT_VERSION = 1;
				DEVELOPMENT_ASSET_PATHS = "\"ToDoList_SwiftUI/Preview Content\"";
				DEVELOPMENT_TEAM = 92M23D65YY;
				ENABLE_PREVIEWS = YES;
				GENERATE_INFOPLIST_FILE = YES;
				INFOPLIST_KEY_UIApplicationSceneManifest_Generation = YES;
				INFOPLIST_KEY_UIApplicationSupportsIndirectInputEvents = YES;
				INFOPLIST_KEY_UILaunchScreen_Generation = YES;
				INFOPLIST_KEY_UISupportedInterfaceOrientations_iPad = "UIInterfaceOrientationPortrait UIInterfaceOrientationPortraitUpsideDown UIInterfaceOrientationLandscapeLeft UIInterfaceOrientationLandscapeRight";
				INFOPLIST_KEY_UISupportedInterfaceOrientations_iPhone = "UIInterfaceOrientationPortrait UIInterfaceOrientationLandscapeLeft UIInterfaceOrientationLandscapeRight";
				LD_RUNPATH_SEARCH_PATHS = (
					"$(inherited)",
					"@executable_path/Frameworks",
				);
				MARKETING_VERSION = 1.0;
				PRODUCT_BUNDLE_IDENTIFIER = "com.akbarshah.ToDoList-SwiftUI";
				PRODUCT_NAME = "$(TARGET_NAME)";
				SWIFT_EMIT_LOC_STRINGS = YES;
				SWIFT_VERSION = 5.0;
				TARGETED_DEVICE_FAMILY = "1,2";
			};
			name = Debug;
		};
		AD043DC52A0BD91200BF1BD8 /* Release */ = {
			isa = XCBuildConfiguration;
			buildSettings = {
				ASSETCATALOG_COMPILER_APPICON_NAME = AppIcon;
				ASSETCATALOG_COMPILER_GLOBAL_ACCENT_COLOR_NAME = AccentColor;
				CODE_SIGN_STYLE = Automatic;
				CURRENT_PROJECT_VERSION = 1;
				DEVELOPMENT_ASSET_PATHS = "\"ToDoList_SwiftUI/Preview Content\"";
				DEVELOPMENT_TEAM = 92M23D65YY;
				ENABLE_PREVIEWS = YES;
				GENERATE_INFOPLIST_FILE = YES;
				INFOPLIST_KEY_UIApplicationSceneManifest_Generation = YES;
				INFOPLIST_KEY_UIApplicationSupportsIndirectInputEvents = YES;
				INFOPLIST_KEY_UILaunchScreen_Generation = YES;
				INFOPLIST_KEY_UISupportedInterfaceOrientations_iPad = "UIInterfaceOrientationPortrait UIInterfaceOrientationPortraitUpsideDown UIInterfaceOrientationLandscapeLeft UIInterfaceOrientationLandscapeRight";
				INFOPLIST_KEY_UISupportedInterfaceOrientations_iPhone = "UIInterfaceOrientationPortrait UIInterfaceOrientationLandscapeLeft UIInterfaceOrientationLandscapeRight";
				LD_RUNPATH_SEARCH_PATHS = (
					"$(inherited)",
					"@executable_path/Frameworks",
				);
				MARKETING_VERSION = 1.0;
				PRODUCT_BUNDLE_IDENTIFIER = "com.akbarshah.ToDoList-SwiftUI";
				PRODUCT_NAME = "$(TARGET_NAME)";
				SWIFT_EMIT_LOC_STRINGS = YES;
				SWIFT_VERSION = 5.0;
				TARGETED_DEVICE_FAMILY = "1,2";
			};
			name = Release;
		};
/* End XCBuildConfiguration section */

/* Begin XCConfigurationList section */
		AD043DB02A0BD91200BF1BD8 /* Build configuration list for PBXProject "ToDoList_SwiftUI" */ = {
			isa = XCConfigurationList;
			buildConfigurations = (
				AD043DC12A0BD91200BF1BD8 /* Debug */,
				AD043DC22A0BD91200BF1BD8 /* Release */,
			);
			defaultConfigurationIsVisible = 0;
			defaultConfigurationName = Release;
		};
		AD043DC32A0BD91200BF1BD8 /* Build configuration list for PBXNativeTarget "ToDoList_SwiftUI" */ = {
			isa = XCConfigurationList;
			buildConfigurations = (
				AD043DC42A0BD91200BF1BD8 /* Debug */,
				AD043DC52A0BD91200BF1BD8 /* Release */,
			);
			defaultConfigurationIsVisible = 0;
			defaultConfigurationName = Release;
		};
/* End XCConfigurationList section */

/* Begin XCRemoteSwiftPackageReference section */
		AD043DC62A0BE8EA00BF1BD8 /* XCRemoteSwiftPackageReference "firebase-ios-sdk" */ = {
			isa = XCRemoteSwiftPackageReference;
			repositoryURL = "https://github.com/firebase/firebase-ios-sdk";
			requirement = {
				branch = master;
				kind = branch;
			};
		};
/* End XCRemoteSwiftPackageReference section */

/* Begin XCSwiftPackageProductDependency section */
		AD043DC72A0BE8EA00BF1BD8 /* FirebaseAuth */ = {
			isa = XCSwiftPackageProductDependency;
			package = AD043DC62A0BE8EA00BF1BD8 /* XCRemoteSwiftPackageReference "firebase-ios-sdk" */;
			productName = FirebaseAuth;
		};
		AD043DC92A0BE8EA00BF1BD8 /* FirebaseFirestore */ = {
			isa = XCSwiftPackageProductDependency;
			package = AD043DC62A0BE8EA00BF1BD8 /* XCRemoteSwiftPackageReference "firebase-ios-sdk" */;
			productName = FirebaseFirestore;
		};
		AD043DCB2A0BE8EA00BF1BD8 /* FirebaseFirestoreSwift */ = {
			isa = XCSwiftPackageProductDependency;
			package = AD043DC62A0BE8EA00BF1BD8 /* XCRemoteSwiftPackageReference "firebase-ios-sdk" */;
			productName = FirebaseFirestoreSwift;
		};
/* End XCSwiftPackageProductDependency section */
	};
	rootObject = AD043DAD2A0BD91200BF1BD8 /* Project object */;
}
